{
  "originHash" : "a1f6a6aea1ad04f9375abb9c526ae0688a740319c7ceb98e538fb07c13fbda2b",
  "pins" : [
    {
      "identity" : "joltphysics",
      "kind" : "remoteSourceControl",
      "location" : "https://github.com/untoldengine/JoltPhysics.git",
      "state" : {
        "revision" : "31563d34c249147beadee0eb61994dc3b65b57bf",
        "version" : "5.6.0-spm.1"
      }
    },
    {
      "identity" : "untoldengine",
      "kind" : "remoteSourceControl",
      "location" : "https://github.com/untoldengine/UntoldEngine.git",
      "state" : {
        "branch" : "develop",
        "revision" : "14413aa0a2c023a23d88a493a3fdb00ae32061fd"
      }
    }
  ],
  "version" : 3
}
